{
  "version": 4,
  "terraform_version": "0.14.7",
  "serial": 69,
  "lineage": "80114fd8-142d-7876-be88-916f23f54209",
  "outputs": {},
  "resources": [
    {
      "mode": "managed",
      "type": "google_cloud_tasks_queue",
      "name": "cloud_task_queue",
      "provider": "provider[\"registry.terraform.io/hashicorp/google\"]",
      "instances": [
        {
          "schema_version": 0,
          "attributes": {
            "app_engine_routing_override": [],
            "id": "projects/linnify-learning/locations/europe-west1/queues/radu-queue",
            "location": "europe-west1",
            "name": "radu-queue",
            "project": "linnify-learning",
            "rate_limits": [
              {
                "max_burst_size": 100,
                "max_concurrent_dispatches": 2,
                "max_dispatches_per_second": 500
              }
            ],
            "retry_config": [
              {
                "max_attempts": 5,
                "max_backoff": "3600s",
                "max_doublings": 16,
                "max_retry_duration": "",
                "min_backoff": "0.100s"
              }
            ],
            "stackdriver_logging_config": [],
            "timeouts": null
          },
          "sensitive_attributes": [],
          "private": "eyJlMmJmYjczMC1lY2FhLTExZTYtOGY4OC0zNDM2M2JjN2M0YzAiOnsiY3JlYXRlIjoyNDAwMDAwMDAwMDAsImRlbGV0ZSI6MjQwMDAwMDAwMDAwLCJ1cGRhdGUiOjI0MDAwMDAwMDAwMH19"
        }
      ]
    },
    {
      "mode": "managed",
      "type": "google_cloudfunctions_function",
      "name": "hello_world_function",
      "provider": "provider[\"registry.terraform.io/hashicorp/google\"]",
      "instances": [
        {
          "schema_version": 0,
          "attributes": {
            "available_memory_mb": 128,
            "build_environment_variables": null,
            "description": "Pub Sub Function",
            "entry_point": "hello_pubsub",
            "environment_variables": null,
            "event_trigger": [
              {
                "event_type": "google.pubsub.topic.publish",
                "failure_policy": [
                  {
                    "retry": false
                  }
                ],
                "resource": "projects/linnify-learning/topics/say-hello-world"
              }
            ],
            "https_trigger_url": null,
            "id": "projects/linnify-learning/locations/europe-west1/functions/hello_world",
            "ingress_settings": "ALLOW_ALL",
            "labels": null,
            "max_instances": 0,
            "name": "hello_world",
            "project": "linnify-learning",
            "region": "europe-west1",
            "runtime": "python37",
            "service_account_email": "linnify-learning@appspot.gserviceaccount.com",
            "source_archive_bucket": "trial_bucket_terraform",
            "source_archive_object": "index.zip",
            "source_repository": [],
            "timeout": 60,
            "timeouts": null,
            "trigger_http": null,
            "vpc_connector": "",
            "vpc_connector_egress_settings": ""
          },
          "sensitive_attributes": [],
          "private": "eyJlMmJmYjczMC1lY2FhLTExZTYtOGY4OC0zNDM2M2JjN2M0YzAiOnsiY3JlYXRlIjozMDAwMDAwMDAwMDAsImRlbGV0ZSI6MzAwMDAwMDAwMDAwLCJyZWFkIjozMDAwMDAwMDAwMDAsInVwZGF0ZSI6MzAwMDAwMDAwMDAwfX0=",
          "dependencies": [
            "google_pubsub_topic.hello_topic",
            "google_storage_bucket.trial_bucket_terraform",
            "google_storage_bucket_object.function_archive"
          ]
        }
      ]
    },
    {
      "mode": "managed",
      "type": "google_project_service",
      "name": "cloud_build",
      "provider": "provider[\"registry.terraform.io/hashicorp/google\"]",
      "instances": [
        {
          "schema_version": 0,
          "attributes": {
            "disable_dependent_services": true,
            "disable_on_destroy": false,
            "id": "linnify-learning/cloudbuild.googleapis.com",
            "project": "linnify-learning",
            "service": "cloudbuild.googleapis.com",
            "timeouts": null
          },
          "sensitive_attributes": [],
          "private": "eyJlMmJmYjczMC1lY2FhLTExZTYtOGY4OC0zNDM2M2JjN2M0YzAiOnsiY3JlYXRlIjoxMjAwMDAwMDAwMDAwLCJkZWxldGUiOjEyMDAwMDAwMDAwMDAsInJlYWQiOjYwMDAwMDAwMDAwMCwidXBkYXRlIjoxMjAwMDAwMDAwMDAwfX0="
        }
      ]
    },
    {
      "mode": "managed",
      "type": "google_project_service",
      "name": "cloud_function",
      "provider": "provider[\"registry.terraform.io/hashicorp/google\"]",
      "instances": [
        {
          "schema_version": 0,
          "attributes": {
            "disable_dependent_services": true,
            "disable_on_destroy": false,
            "id": "linnify-learning/cloudfunctions.googleapis.com",
            "project": "linnify-learning",
            "service": "cloudfunctions.googleapis.com",
            "timeouts": null
          },
          "sensitive_attributes": [],
          "private": "eyJlMmJmYjczMC1lY2FhLTExZTYtOGY4OC0zNDM2M2JjN2M0YzAiOnsiY3JlYXRlIjoxMjAwMDAwMDAwMDAwLCJkZWxldGUiOjEyMDAwMDAwMDAwMDAsInJlYWQiOjYwMDAwMDAwMDAwMCwidXBkYXRlIjoxMjAwMDAwMDAwMDAwfX0="
        }
      ]
    },
    {
      "mode": "managed",
      "type": "google_project_service",
      "name": "cloud_sql",
      "provider": "provider[\"registry.terraform.io/hashicorp/google\"]",
      "instances": [
        {
          "schema_version": 0,
          "attributes": {
            "disable_dependent_services": true,
            "disable_on_destroy": false,
            "id": "linnify-learning/sqladmin.googleapis.com",
            "project": "linnify-learning",
            "service": "sqladmin.googleapis.com",
            "timeouts": null
          },
          "sensitive_attributes": [],
          "private": "eyJlMmJmYjczMC1lY2FhLTExZTYtOGY4OC0zNDM2M2JjN2M0YzAiOnsiY3JlYXRlIjoxMjAwMDAwMDAwMDAwLCJkZWxldGUiOjEyMDAwMDAwMDAwMDAsInJlYWQiOjYwMDAwMDAwMDAwMCwidXBkYXRlIjoxMjAwMDAwMDAwMDAwfX0="
        }
      ]
    },
    {
      "mode": "managed",
      "type": "google_pubsub_topic",
      "name": "hello_topic",
      "provider": "provider[\"registry.terraform.io/hashicorp/google\"]",
      "instances": [
        {
          "schema_version": 0,
          "attributes": {
            "id": "projects/linnify-learning/topics/say-hello-world",
            "kms_key_name": "",
            "labels": null,
            "message_storage_policy": [],
            "name": "say-hello-world",
            "project": "linnify-learning",
            "schema_settings": [],
            "timeouts": null
          },
          "sensitive_attributes": [],
          "private": "eyJlMmJmYjczMC1lY2FhLTExZTYtOGY4OC0zNDM2M2JjN2M0YzAiOnsiY3JlYXRlIjozNjAwMDAwMDAwMDAsImRlbGV0ZSI6MjQwMDAwMDAwMDAwLCJ1cGRhdGUiOjM2MDAwMDAwMDAwMH19"
        }
      ]
    },
    {
      "mode": "managed",
      "type": "google_sql_database",
      "name": "database",
      "provider": "provider[\"registry.terraform.io/hashicorp/google\"]",
      "instances": [
        {
          "schema_version": 0,
          "attributes": {
            "charset": "UTF8",
            "collation": "en_US.UTF8",
            "id": "projects/linnify-learning/instances/radu-instance-db/databases/radu-db",
            "instance": "radu-instance-db",
            "name": "radu-db",
            "project": "linnify-learning",
            "self_link": "https://sqladmin.googleapis.com/sql/v1beta4/projects/linnify-learning/instances/radu-instance-db/databases/radu-db",
            "timeouts": null
          },
          "sensitive_attributes": [],
          "private": "eyJlMmJmYjczMC1lY2FhLTExZTYtOGY4OC0zNDM2M2JjN2M0YzAiOnsiY3JlYXRlIjo5MDAwMDAwMDAwMDAsImRlbGV0ZSI6NjAwMDAwMDAwMDAwLCJ1cGRhdGUiOjYwMDAwMDAwMDAwMH19",
          "dependencies": [
            "google_project_service.cloud_sql",
            "google_sql_database_instance.database_instance"
          ]
        }
      ]
    },
    {
      "mode": "managed",
      "type": "google_sql_database_instance",
      "name": "database_instance",
      "provider": "provider[\"registry.terraform.io/hashicorp/google\"]",
      "instances": [
        {
          "schema_version": 0,
          "attributes": {
            "clone": [],
            "connection_name": "linnify-learning:europe-west1:radu-instance-db",
            "database_version": "POSTGRES_13",
            "deletion_protection": false,
            "first_ip_address": "34.79.94.120",
            "id": "radu-instance-db",
            "ip_address": [
              {
                "ip_address": "34.79.94.120",
                "time_to_retire": "",
                "type": "PRIMARY"
              },
              {
                "ip_address": "34.140.233.4",
                "time_to_retire": "",
                "type": "OUTGOING"
              }
            ],
            "master_instance_name": "",
            "name": "radu-instance-db",
            "private_ip_address": "",
            "project": "linnify-learning",
            "public_ip_address": "34.79.94.120",
            "region": "europe-west1",
            "replica_configuration": [],
            "restore_backup_context": [],
            "root_password": null,
            "self_link": "https://sqladmin.googleapis.com/sql/v1beta4/projects/linnify-learning/instances/radu-instance-db",
            "server_ca_cert": [
              {
                "cert": "-----BEGIN CERTIFICATE-----\nMIIDfzCCAmegAwIBAgIBADANBgkqhkiG9w0BAQsFADB3MS0wKwYDVQQuEyRiM2Ew\nMWZlNS0zNjJmLTRlYjUtOTA4NC0yOTI1ZDcwZjUwYjcxIzAhBgNVBAMTGkdvb2ds\nZSBDbG91ZCBTUUwgU2VydmVyIENBMRQwEgYDVQQKEwtHb29nbGUsIEluYzELMAkG\nA1UEBhMCVVMwHhcNMjEwNzEyMDkxOTMyWhcNMzEwNzEwMDkyMDMyWjB3MS0wKwYD\nVQQuEyRiM2EwMWZlNS0zNjJmLTRlYjUtOTA4NC0yOTI1ZDcwZjUwYjcxIzAhBgNV\nBAMTGkdvb2dsZSBDbG91ZCBTUUwgU2VydmVyIENBMRQwEgYDVQQKEwtHb29nbGUs\nIEluYzELMAkGA1UEBhMCVVMwggEiMA0GCSqGSIb3DQEBAQUAA4IBDwAwggEKAoIB\nAQCKLBxJbe8FcuJ6beK2MnaBInvEZq5uyr/daxruH3z7UeOVVt4wav8Z93Flcmyz\nsSy/+AhmLWbCUp7l07YCT/HmNuPTKGOF0MXFN3CLpgLhts9zBcv3I17AGaX1Hz/O\nLs/7Eb9wy/C5uQ1y2w2c2anzTbyEL6gxCEofFUb99qobc5seeFUgApNlic3hkqyC\nGZE57kktzU9xE99eSmad2ZoUygm71lZ1GhBxTsSvXGSqk9s0+c8BDsuypqatPTbT\naGvxjy/N1QR/M+jIik/ZqN6I4AbZpMWiIhC/MJ7Cbwt9UygXRMzlekaYP7z7uR9J\nhbQbTvXGplfpTfaFGpCe6+5bAgMBAAGjFjAUMBIGA1UdEwEB/wQIMAYBAf8CAQAw\nDQYJKoZIhvcNAQELBQADggEBABqHoHsU3f1KjwTOu69QyGKdxubKsbE5fACOlaOz\n6eItskcz5fT+pelykdTlDZ0rCF8rUDD++ahC9qoSTKLHiX5WsjouRHzrdHVz/SiV\nORem5xextnOUgAzb5Zdh/76OsMM5wBAyLSuJuVZzQ/dK8xe5CYbGU70Dgw2DUZb6\nKALWV1LFbycfXnzoRb5ADyYoq6zhMQrFdd+3bRIoPvDfKeEfdldiq5vBkaeKVD7Z\nNIINR3s9k7AJs9/8QgxCp/7b1Mzo/b3gdoW4OJa9ZAeIQ1Mq4TZafvPxEp3Eimfv\nPvUWwruucUk8PdcY63rRQOrbaDX1OxSkBQuE9yJfqoYTW7w=\n-----END CERTIFICATE-----",
                "common_name": "C=US,O=Google\\, Inc,CN=Google Cloud SQL Server CA,dnQualifier=b3a01fe5-362f-4eb5-9084-2925d70f50b7",
                "create_time": "2021-07-12T09:19:32.242Z",
                "expiration_time": "2031-07-10T09:20:32.242Z",
                "sha1_fingerprint": "023ed93d70d05ff378277208a4dc99fbbe6374c2"
              }
            ],
            "service_account_email_address": "p1080192291556-htgw2n@gcp-sa-cloud-sql.iam.gserviceaccount.com",
            "settings": [
              {
                "activation_policy": "ALWAYS",
                "authorized_gae_applications": [],
                "availability_type": "ZONAL",
                "backup_configuration": [
                  {
                    "backup_retention_settings": [
                      {
                        "retained_backups": 7,
                        "retention_unit": "COUNT"
                      }
                    ],
                    "binary_log_enabled": false,
                    "enabled": false,
                    "location": "",
                    "point_in_time_recovery_enabled": false,
                    "start_time": "21:00",
                    "transaction_log_retention_days": 7
                  }
                ],
                "crash_safe_replication": false,
                "database_flags": [],
                "disk_autoresize": true,
                "disk_autoresize_limit": 0,
                "disk_size": 10,
                "disk_type": "PD_SSD",
                "insights_config": [],
                "ip_configuration": [
                  {
                    "authorized_networks": [],
                    "ipv4_enabled": true,
                    "private_network": "",
                    "require_ssl": false
                  }
                ],
                "location_preference": [
                  {
                    "follow_gae_application": "",
                    "zone": "europe-west1-d"
                  }
                ],
                "maintenance_window": [],
                "pricing_plan": "PER_USE",
                "replication_type": "SYNCHRONOUS",
                "tier": "db-f1-micro",
                "user_labels": {},
                "version": 1
              }
            ],
            "timeouts": null
          },
          "sensitive_attributes": [],
          "private": "eyJlMmJmYjczMC1lY2FhLTExZTYtOGY4OC0zNDM2M2JjN2M0YzAiOnsiY3JlYXRlIjoxODAwMDAwMDAwMDAwLCJkZWxldGUiOjE4MDAwMDAwMDAwMDAsInVwZGF0ZSI6MTgwMDAwMDAwMDAwMH19"
        }
      ]
    },
    {
      "mode": "managed",
      "type": "google_storage_bucket",
      "name": "trial_bucket_terraform",
      "provider": "provider[\"registry.terraform.io/hashicorp/google\"]",
      "instances": [
        {
          "schema_version": 0,
          "attributes": {
            "bucket_policy_only": false,
            "cors": [],
            "default_event_based_hold": false,
            "encryption": [],
            "force_destroy": false,
            "id": "trial_bucket_terraform",
            "labels": null,
            "lifecycle_rule": [],
            "location": "US",
            "logging": [],
            "name": "trial_bucket_terraform",
            "project": "linnify-learning",
            "requester_pays": false,
            "retention_policy": [],
            "self_link": "https://www.googleapis.com/storage/v1/b/trial_bucket_terraform",
            "storage_class": "STANDARD",
            "uniform_bucket_level_access": false,
            "url": "gs://trial_bucket_terraform",
            "versioning": [],
            "website": []
          },
          "sensitive_attributes": [],
          "private": "bnVsbA=="
        }
      ]
    },
    {
      "mode": "managed",
      "type": "google_storage_bucket_object",
      "name": "function_archive",
      "provider": "provider[\"registry.terraform.io/hashicorp/google\"]",
      "instances": [
        {
          "schema_version": 0,
          "attributes": {
            "bucket": "trial_bucket_terraform",
            "cache_control": "",
            "content": null,
            "content_disposition": "",
            "content_encoding": "",
            "content_language": "",
            "content_type": "application/zip",
            "crc32c": "v+1d7Q==",
            "detect_md5hash": "Rl/J8dt9fLlOX7XqeBhuBg==",
            "id": "trial_bucket_terraform-index.zip",
            "kms_key_name": "",
            "md5hash": "Rl/J8dt9fLlOX7XqeBhuBg==",
            "media_link": "https://storage.googleapis.com/download/storage/v1/b/trial_bucket_terraform/o/index.zip?generation=1626081554048692\u0026alt=media",
            "metadata": null,
            "name": "index.zip",
            "output_name": "index.zip",
            "self_link": "https://www.googleapis.com/storage/v1/b/trial_bucket_terraform/o/index.zip",
            "source": "./user-code.zip",
            "storage_class": "STANDARD"
          },
          "sensitive_attributes": [],
          "private": "bnVsbA==",
          "dependencies": [
            "google_storage_bucket.trial_bucket_terraform"
          ]
        }
      ]
    }
  ]
}
